// !$*UTF8*$!
{
	archiveVersion = 1;
	classes = {
	};
	objectVersion = 55;
	objects = {

/* Begin PBXBuildFile section */
		2A3D17BC285FD925000D865F /* AppDelegate.swift in Sources */ = {isa = PBXBuildFile; fileRef = 2A3D17BB285FD925000D865F /* AppDelegate.swift */; };
		2A3D17BE285FD925000D865F /* SceneDelegate.swift in Sources */ = {isa = PBXBuildFile; fileRef = 2A3D17BD285FD925000D865F /* SceneDelegate.swift */; };
		2A3D17C3285FD925000D865F /* Main.storyboard in Resources */ = {isa = PBXBuildFile; fileRef = 2A3D17C1285FD925000D865F /* Main.storyboard */; };
		2A3D17C5285FD927000D865F /* Assets.xcassets in Resources */ = {isa = PBXBuildFile; fileRef = 2A3D17C4285FD927000D865F /* Assets.xcassets */; };
		2A3D17C8285FD927000D865F /* LaunchScreen.storyboard in Resources */ = {isa = PBXBuildFile; fileRef = 2A3D17C6285FD927000D865F /* LaunchScreen.storyboard */; };
		2A3D17D3285FD928000D865F /* RMREDTests.swift in Sources */ = {isa = PBXBuildFile; fileRef = 2A3D17D2285FD928000D865F /* RMREDTests.swift */; };
		2A3D17DD285FD928000D865F /* RMREDUITests.swift in Sources */ = {isa = PBXBuildFile; fileRef = 2A3D17DC285FD928000D865F /* RMREDUITests.swift */; };
		2A3D17DF285FD928000D865F /* RMREDUITestsLaunchTests.swift in Sources */ = {isa = PBXBuildFile; fileRef = 2A3D17DE285FD928000D865F /* RMREDUITestsLaunchTests.swift */; };
		2A3D182B286114EB000D865F /* SDWebImage in Frameworks */ = {isa = PBXBuildFile; productRef = 2A3D182A286114EB000D865F /* SDWebImage */; };
		2A3D182F2861DAD0000D865F /* Global.swift in Sources */ = {isa = PBXBuildFile; fileRef = 2A3D182E2861DAD0000D865F /* Global.swift */; };
		2A3D18312861DAF9000D865F /* ApplicationManager.swift in Sources */ = {isa = PBXBuildFile; fileRef = 2A3D18302861DAF9000D865F /* ApplicationManager.swift */; };
		2A3D18342861DB3E000D865F /* RestRequestService.swift in Sources */ = {isa = PBXBuildFile; fileRef = 2A3D18332861DB3E000D865F /* RestRequestService.swift */; };
		2A3D18372861DBB5000D865F /* CharactersDataService.swift in Sources */ = {isa = PBXBuildFile; fileRef = 2A3D18362861DBB5000D865F /* CharactersDataService.swift */; };
		2A3D183A2861DC69000D865F /* RMCharacter.swift in Sources */ = {isa = PBXBuildFile; fileRef = 2A3D18392861DC69000D865F /* RMCharacter.swift */; };
		2A3D183E2861DCC1000D865F /* RMCharacterCell.swift in Sources */ = {isa = PBXBuildFile; fileRef = 2A3D183D2861DCC1000D865F /* RMCharacterCell.swift */; };
		2A3D18412861DCF0000D865F /* RMCharacterUIModel.swift in Sources */ = {isa = PBXBuildFile; fileRef = 2A3D18402861DCF0000D865F /* RMCharacterUIModel.swift */; };
		2A3D18432861DD4D000D865F /* RMCharacterRowUIModel.swift in Sources */ = {isa = PBXBuildFile; fileRef = 2A3D18422861DD4D000D865F /* RMCharacterRowUIModel.swift */; };
		2A3D18462861DDBE000D865F /* RMCharactersViewModel.swift in Sources */ = {isa = PBXBuildFile; fileRef = 2A3D18452861DDBE000D865F /* RMCharactersViewModel.swift */; };
		2A3D18482861DE03000D865F /* RMCharacterMapper.swift in Sources */ = {isa = PBXBuildFile; fileRef = 2A3D18472861DE03000D865F /* RMCharacterMapper.swift */; };
		2A3D184A2861DE5C000D865F /* RMCharactersMasterViewController.swift in Sources */ = {isa = PBXBuildFile; fileRef = 2A3D18492861DE5C000D865F /* RMCharactersMasterViewController.swift */; };
		2A3D184C2861DFD5000D865F /* RMCharacterDetailsViewController.swift in Sources */ = {isa = PBXBuildFile; fileRef = 2A3D184B2861DFD5000D865F /* RMCharacterDetailsViewController.swift */; };
		2A3D184E2861E00B000D865F /* ApplicationCoordinator.swift in Sources */ = {isa = PBXBuildFile; fileRef = 2A3D184D2861E00B000D865F /* ApplicationCoordinator.swift */; };
		2A3D18512861E0A2000D865F /* UIImage+SystemNameIcon.swift in Sources */ = {isa = PBXBuildFile; fileRef = 2A3D18502861E0A2000D865F /* UIImage+SystemNameIcon.swift */; };
		2A3D18532861E795000D865F /* RMCharactersSplitViewController.swift in Sources */ = {isa = PBXBuildFile; fileRef = 2A3D18522861E795000D865F /* RMCharactersSplitViewController.swift */; };
/* End PBXBuildFile section */

/* Begin PBXContainerItemProxy section */
		2A3D17CF285FD928000D865F /* PBXContainerItemProxy */ = {
			isa = PBXContainerItemProxy;
			containerPortal = 2A3D17B0285FD925000D865F /* Project object */;
			proxyType = 1;
			remoteGlobalIDString = 2A3D17B7285FD925000D865F;
			remoteInfo = RMRED;
		};
		2A3D17D9285FD928000D865F /* PBXContainerItemProxy */ = {
			isa = PBXContainerItemProxy;
			containerPortal = 2A3D17B0285FD925000D865F /* Project object */;
			proxyType = 1;
			remoteGlobalIDString = 2A3D17B7285FD925000D865F;
			remoteInfo = RMRED;
		};
/* End PBXContainerItemProxy section */

/* Begin PBXFileReference section */
		2A3D17B8285FD925000D865F /* RMRED.app */ = {isa = PBXFileReference; explicitFileType = wrapper.application; includeInIndex = 0; path = RMRED.app; sourceTree = BUILT_PRODUCTS_DIR; };
		2A3D17BB285FD925000D865F /* AppDelegate.swift */ = {isa = PBXFileReference; lastKnownFileType = sourcecode.swift; path = AppDelegate.swift; sourceTree = "<group>"; };
		2A3D17BD285FD925000D865F /* SceneDelegate.swift */ = {isa = PBXFileReference; lastKnownFileType = sourcecode.swift; path = SceneDelegate.swift; sourceTree = "<group>"; };
		2A3D17C2285FD925000D865F /* Base */ = {isa = PBXFileReference; lastKnownFileType = file.storyboard; name = Base; path = Base.lproj/Main.storyboard; sourceTree = "<group>"; };
		2A3D17C4285FD927000D865F /* Assets.xcassets */ = {isa = PBXFileReference; lastKnownFileType = folder.assetcatalog; path = Assets.xcassets; sourceTree = "<group>"; };
		2A3D17C7285FD927000D865F /* Base */ = {isa = PBXFileReference; lastKnownFileType = file.storyboard; name = Base; path = Base.lproj/LaunchScreen.storyboard; sourceTree = "<group>"; };
		2A3D17C9285FD927000D865F /* Info.plist */ = {isa = PBXFileReference; lastKnownFileType = text.plist.xml; path = Info.plist; sourceTree = "<group>"; };
		2A3D17CE285FD928000D865F /* RMREDTests.xctest */ = {isa = PBXFileReference; explicitFileType = wrapper.cfbundle; includeInIndex = 0; path = RMREDTests.xctest; sourceTree = BUILT_PRODUCTS_DIR; };
		2A3D17D2285FD928000D865F /* RMREDTests.swift */ = {isa = PBXFileReference; lastKnownFileType = sourcecode.swift; path = RMREDTests.swift; sourceTree = "<group>"; };
		2A3D17D8285FD928000D865F /* RMREDUITests.xctest */ = {isa = PBXFileReference; explicitFileType = wrapper.cfbundle; includeInIndex = 0; path = RMREDUITests.xctest; sourceTree = BUILT_PRODUCTS_DIR; };
		2A3D17DC285FD928000D865F /* RMREDUITests.swift */ = {isa = PBXFileReference; lastKnownFileType = sourcecode.swift; path = RMREDUITests.swift; sourceTree = "<group>"; };
		2A3D17DE285FD928000D865F /* RMREDUITestsLaunchTests.swift */ = {isa = PBXFileReference; lastKnownFileType = sourcecode.swift; path = RMREDUITestsLaunchTests.swift; sourceTree = "<group>"; };
		2A3D182E2861DAD0000D865F /* Global.swift */ = {isa = PBXFileReference; lastKnownFileType = sourcecode.swift; path = Global.swift; sourceTree = "<group>"; };
		2A3D18302861DAF9000D865F /* ApplicationManager.swift */ = {isa = PBXFileReference; lastKnownFileType = sourcecode.swift; path = ApplicationManager.swift; sourceTree = "<group>"; };
		2A3D18332861DB3E000D865F /* RestRequestService.swift */ = {isa = PBXFileReference; lastKnownFileType = sourcecode.swift; path = RestRequestService.swift; sourceTree = "<group>"; };
		2A3D18362861DBB5000D865F /* CharactersDataService.swift */ = {isa = PBXFileReference; lastKnownFileType = sourcecode.swift; path = CharactersDataService.swift; sourceTree = "<group>"; };
		2A3D18392861DC69000D865F /* RMCharacter.swift */ = {isa = PBXFileReference; lastKnownFileType = sourcecode.swift; path = RMCharacter.swift; sourceTree = "<group>"; };
		2A3D183D2861DCC1000D865F /* RMCharacterCell.swift */ = {isa = PBXFileReference; lastKnownFileType = sourcecode.swift; path = RMCharacterCell.swift; sourceTree = "<group>"; };
		2A3D18402861DCF0000D865F /* RMCharacterUIModel.swift */ = {isa = PBXFileReference; lastKnownFileType = sourcecode.swift; path = RMCharacterUIModel.swift; sourceTree = "<group>"; };
		2A3D18422861DD4D000D865F /* RMCharacterRowUIModel.swift */ = {isa = PBXFileReference; lastKnownFileType = sourcecode.swift; path = RMCharacterRowUIModel.swift; sourceTree = "<group>"; };
		2A3D18452861DDBE000D865F /* RMCharactersViewModel.swift */ = {isa = PBXFileReference; lastKnownFileType = sourcecode.swift; path = RMCharactersViewModel.swift; sourceTree = "<group>"; };
		2A3D18472861DE03000D865F /* RMCharacterMapper.swift */ = {isa = PBXFileReference; lastKnownFileType = sourcecode.swift; path = RMCharacterMapper.swift; sourceTree = "<group>"; };
		2A3D18492861DE5C000D865F /* RMCharactersMasterViewController.swift */ = {isa = PBXFileReference; lastKnownFileType = sourcecode.swift; path = RMCharactersMasterViewController.swift; sourceTree = "<group>"; };
		2A3D184B2861DFD5000D865F /* RMCharacterDetailsViewController.swift */ = {isa = PBXFileReference; lastKnownFileType = sourcecode.swift; path = RMCharacterDetailsViewController.swift; sourceTree = "<group>"; };
		2A3D184D2861E00B000D865F /* ApplicationCoordinator.swift */ = {isa = PBXFileReference; lastKnownFileType = sourcecode.swift; path = ApplicationCoordinator.swift; sourceTree = "<group>"; };
		2A3D18502861E0A2000D865F /* UIImage+SystemNameIcon.swift */ = {isa = PBXFileReference; lastKnownFileType = sourcecode.swift; path = "UIImage+SystemNameIcon.swift"; sourceTree = "<group>"; };
		2A3D18522861E795000D865F /* RMCharactersSplitViewController.swift */ = {isa = PBXFileReference; lastKnownFileType = sourcecode.swift; path = RMCharactersSplitViewController.swift; sourceTree = "<group>"; };
/* End PBXFileReference section */

/* Begin PBXFrameworksBuildPhase section */
		2A3D17B5285FD925000D865F /* Frameworks */ = {
			isa = PBXFrameworksBuildPhase;
			buildActionMask = 2147483647;
			files = (
				2A3D182B286114EB000D865F /* SDWebImage in Frameworks */,
			);
			runOnlyForDeploymentPostprocessing = 0;
		};
		2A3D17CB285FD928000D865F /* Frameworks */ = {
			isa = PBXFrameworksBuildPhase;
			buildActionMask = 2147483647;
			files = (
			);
			runOnlyForDeploymentPostprocessing = 0;
		};
		2A3D17D5285FD928000D865F /* Frameworks */ = {
			isa = PBXFrameworksBuildPhase;
			buildActionMask = 2147483647;
			files = (
			);
			runOnlyForDeploymentPostprocessing = 0;
		};
/* End PBXFrameworksBuildPhase section */

/* Begin PBXGroup section */
		2A3D17AF285FD925000D865F = {
			isa = PBXGroup;
			children = (
				2A3D17BA285FD925000D865F /* RMRED */,
				2A3D17D1285FD928000D865F /* RMREDTests */,
				2A3D17DB285FD928000D865F /* RMREDUITests */,
				2A3D17B9285FD925000D865F /* Products */,
			);
			sourceTree = "<group>";
		};
		2A3D17B9285FD925000D865F /* Products */ = {
			isa = PBXGroup;
			children = (
				2A3D17B8285FD925000D865F /* RMRED.app */,
				2A3D17CE285FD928000D865F /* RMREDTests.xctest */,
				2A3D17D8285FD928000D865F /* RMREDUITests.xctest */,
			);
			name = Products;
			sourceTree = "<group>";
		};
		2A3D17BA285FD925000D865F /* RMRED */ = {
			isa = PBXGroup;
			children = (
				2A3D182E2861DAD0000D865F /* Global.swift */,
				2A3D184F2861E080000D865F /* Extension */,
				2A3D183B2861DCAB000D865F /* Presentation */,
				2A3D18382861DC51000D865F /* Models */,
				2A3D18352861DB88000D865F /* DataServices */,
				2A3D18322861DB2A000D865F /* Networking */,
				2A3D182D2861DAA3000D865F /* SupportingFiles */,
				2A3D182C2861DA98000D865F /* ApplicationLayer */,
				2A3D17C9285FD927000D865F /* Info.plist */,
			);
			path = RMRED;
			sourceTree = "<group>";
		};
		2A3D17D1285FD928000D865F /* RMREDTests */ = {
			isa = PBXGroup;
			children = (
				2A3D17D2285FD928000D865F /* RMREDTests.swift */,
			);
			path = RMREDTests;
			sourceTree = "<group>";
		};
		2A3D17DB285FD928000D865F /* RMREDUITests */ = {
			isa = PBXGroup;
			children = (
				2A3D17DC285FD928000D865F /* RMREDUITests.swift */,
				2A3D17DE285FD928000D865F /* RMREDUITestsLaunchTests.swift */,
			);
			path = RMREDUITests;
			sourceTree = "<group>";
		};
		2A3D182C2861DA98000D865F /* ApplicationLayer */ = {
			isa = PBXGroup;
			children = (
				2A3D18302861DAF9000D865F /* ApplicationManager.swift */,
				2A3D184D2861E00B000D865F /* ApplicationCoordinator.swift */,
				2A3D17BB285FD925000D865F /* AppDelegate.swift */,
				2A3D17BD285FD925000D865F /* SceneDelegate.swift */,
			);
			path = ApplicationLayer;
			sourceTree = "<group>";
		};
		2A3D182D2861DAA3000D865F /* SupportingFiles */ = {
			isa = PBXGroup;
			children = (
				2A3D17C1285FD925000D865F /* Main.storyboard */,
				2A3D17C4285FD927000D865F /* Assets.xcassets */,
				2A3D17C6285FD927000D865F /* LaunchScreen.storyboard */,
			);
			path = SupportingFiles;
			sourceTree = "<group>";
		};
		2A3D18322861DB2A000D865F /* Networking */ = {
			isa = PBXGroup;
			children = (
				2A3D18332861DB3E000D865F /* RestRequestService.swift */,
			);
			path = Networking;
			sourceTree = "<group>";
		};
		2A3D18352861DB88000D865F /* DataServices */ = {
			isa = PBXGroup;
			children = (
				2A3D18362861DBB5000D865F /* CharactersDataService.swift */,
			);
			path = DataServices;
			sourceTree = "<group>";
		};
		2A3D18382861DC51000D865F /* Models */ = {
			isa = PBXGroup;
			children = (
				2A3D18392861DC69000D865F /* RMCharacter.swift */,
			);
			path = Models;
			sourceTree = "<group>";
		};
		2A3D183B2861DCAB000D865F /* Presentation */ = {
			isa = PBXGroup;
			children = (
				2A3D18442861DD8D000D865F /* RMCharacters */,
			);
			path = Presentation;
			sourceTree = "<group>";
		};
		2A3D183C2861DCB5000D865F /* Views */ = {
			isa = PBXGroup;
			children = (
				2A3D183D2861DCC1000D865F /* RMCharacterCell.swift */,
			);
			path = Views;
			sourceTree = "<group>";
		};
		2A3D183F2861DCE2000D865F /* UIModels */ = {
			isa = PBXGroup;
			children = (
				2A3D18402861DCF0000D865F /* RMCharacterUIModel.swift */,
				2A3D18422861DD4D000D865F /* RMCharacterRowUIModel.swift */,
			);
			path = UIModels;
			sourceTree = "<group>";
		};
		2A3D18442861DD8D000D865F /* RMCharacters */ = {
			isa = PBXGroup;
			children = (
				2A3D18522861E795000D865F /* RMCharactersSplitViewController.swift */,
				2A3D184B2861DFD5000D865F /* RMCharacterDetailsViewController.swift */,
				2A3D18492861DE5C000D865F /* RMCharactersMasterViewController.swift */,
				2A3D18452861DDBE000D865F /* RMCharactersViewModel.swift */,
				2A3D18472861DE03000D865F /* RMCharacterMapper.swift */,
				2A3D183F2861DCE2000D865F /* UIModels */,
				2A3D183C2861DCB5000D865F /* Views */,
			);
			path = RMCharacters;
			sourceTree = "<group>";
		};
		2A3D184F2861E080000D865F /* Extension */ = {
			isa = PBXGroup;
			children = (
				2A3D18502861E0A2000D865F /* UIImage+SystemNameIcon.swift */,
			);
			path = Extension;
			sourceTree = "<group>";
		};
/* End PBXGroup section */

/* Begin PBXNativeTarget section */
		2A3D17B7285FD925000D865F /* RMRED */ = {
			isa = PBXNativeTarget;
			buildConfigurationList = 2A3D17E2285FD928000D865F /* Build configuration list for PBXNativeTarget "RMRED" */;
			buildPhases = (
				2A3D17B4285FD925000D865F /* Sources */,
				2A3D17B5285FD925000D865F /* Frameworks */,
				2A3D17B6285FD925000D865F /* Resources */,
			);
			buildRules = (
			);
			dependencies = (
			);
			name = RMRED;
			packageProductDependencies = (
				2A3D182A286114EB000D865F /* SDWebImage */,
			);
			productName = RMRED;
			productReference = 2A3D17B8285FD925000D865F /* RMRED.app */;
			productType = "com.apple.product-type.application";
		};
		2A3D17CD285FD928000D865F /* RMREDTests */ = {
			isa = PBXNativeTarget;
			buildConfigurationList = 2A3D17E5285FD928000D865F /* Build configuration list for PBXNativeTarget "RMREDTests" */;
			buildPhases = (
				2A3D17CA285FD928000D865F /* Sources */,
				2A3D17CB285FD928000D865F /* Frameworks */,
				2A3D17CC285FD928000D865F /* Resources */,
			);
			buildRules = (
			);
			dependencies = (
				2A3D17D0285FD928000D865F /* PBXTargetDependency */,
			);
			name = RMREDTests;
			productName = RMREDTests;
			productReference = 2A3D17CE285FD928000D865F /* RMREDTests.xctest */;
			productType = "com.apple.product-type.bundle.unit-test";
		};
		2A3D17D7285FD928000D865F /* RMREDUITests */ = {
			isa = PBXNativeTarget;
			buildConfigurationList = 2A3D17E8285FD928000D865F /* Build configuration list for PBXNativeTarget "RMREDUITests" */;
			buildPhases = (
				2A3D17D4285FD928000D865F /* Sources */,
				2A3D17D5285FD928000D865F /* Frameworks */,
				2A3D17D6285FD928000D865F /* Resources */,
			);
			buildRules = (
			);
			dependencies = (
				2A3D17DA285FD928000D865F /* PBXTargetDependency */,
			);
			name = RMREDUITests;
			productName = RMREDUITests;
			productReference = 2A3D17D8285FD928000D865F /* RMREDUITests.xctest */;
			productType = "com.apple.product-type.bundle.ui-testing";
		};
/* End PBXNativeTarget section */

/* Begin PBXProject section */
		2A3D17B0285FD925000D865F /* Project object */ = {
			isa = PBXProject;
			attributes = {
				BuildIndependentTargetsInParallel = 1;
				LastSwiftUpdateCheck = 1320;
				LastUpgradeCheck = 1320;
				TargetAttributes = {
					2A3D17B7285FD925000D865F = {
						CreatedOnToolsVersion = 13.2.1;
					};
					2A3D17CD285FD928000D865F = {
						CreatedOnToolsVersion = 13.2.1;
						TestTargetID = 2A3D17B7285FD925000D865F;
					};
					2A3D17D7285FD928000D865F = {
						CreatedOnToolsVersion = 13.2.1;
						TestTargetID = 2A3D17B7285FD925000D865F;
					};
				};
			};
			buildConfigurationList = 2A3D17B3285FD925000D865F /* Build configuration list for PBXProject "RMRED" */;
			compatibilityVersion = "Xcode 13.0";
			developmentRegion = en;
			hasScannedForEncodings = 0;
			knownRegions = (
				en,
				Base,
			);
			mainGroup = 2A3D17AF285FD925000D865F;
			packageReferences = (
				2A3D1829286114EB000D865F /* XCRemoteSwiftPackageReference "SDWebImage" */,
			);
			productRefGroup = 2A3D17B9285FD925000D865F /* Products */;
			projectDirPath = "";
			projectRoot = "";
			targets = (
				2A3D17B7285FD925000D865F /* RMRED */,
				2A3D17CD285FD928000D865F /* RMREDTests */,
				2A3D17D7285FD928000D865F /* RMREDUITests */,
			);
		};
/* End PBXProject section */

/* Begin PBXResourcesBuildPhase section */
		2A3D17B6285FD925000D865F /* Resources */ = {
			isa = PBXResourcesBuildPhase;
			buildActionMask = 2147483647;
			files = (
				2A3D17C8285FD927000D865F /* LaunchScreen.storyboard in Resources */,
				2A3D17C5285FD927000D865F /* Assets.xcassets in Resources */,
				2A3D17C3285FD925000D865F /* Main.storyboard in Resources */,
			);
			runOnlyForDeploymentPostprocessing = 0;
		};
		2A3D17CC285FD928000D865F /* Resources */ = {
			isa = PBXResourcesBuildPhase;
			buildActionMask = 2147483647;
			files = (
			);
			runOnlyForDeploymentPostprocessing = 0;
		};
		2A3D17D6285FD928000D865F /* Resources */ = {
			isa = PBXResourcesBuildPhase;
			buildActionMask = 2147483647;
			files = (
			);
			runOnlyForDeploymentPostprocessing = 0;
		};
/* End PBXResourcesBuildPhase section */

/* Begin PBXSourcesBuildPhase section */
		2A3D17B4285FD925000D865F /* Sources */ = {
			isa = PBXSourcesBuildPhase;
			buildActionMask = 2147483647;
			files = (
				2A3D17BC285FD925000D865F /* AppDelegate.swift in Sources */,
				2A3D17BE285FD925000D865F /* SceneDelegate.swift in Sources */,
				2A3D18512861E0A2000D865F /* UIImage+SystemNameIcon.swift in Sources */,
				2A3D183A2861DC69000D865F /* RMCharacter.swift in Sources */,
				2A3D18312861DAF9000D865F /* ApplicationManager.swift in Sources */,
				2A3D183E2861DCC1000D865F /* RMCharacterCell.swift in Sources */,
				2A3D184E2861E00B000D865F /* ApplicationCoordinator.swift in Sources */,
				2A3D18432861DD4D000D865F /* RMCharacterRowUIModel.swift in Sources */,
				2A3D18412861DCF0000D865F /* RMCharacterUIModel.swift in Sources */,
				2A3D18532861E795000D865F /* RMCharactersSplitViewController.swift in Sources */,
				2A3D184A2861DE5C000D865F /* RMCharactersMasterViewController.swift in Sources */,
				2A3D18482861DE03000D865F /* RMCharacterMapper.swift in Sources */,
				2A3D18372861DBB5000D865F /* CharactersDataService.swift in Sources */,
				2A3D184C2861DFD5000D865F /* RMCharacterDetailsViewController.swift in Sources */,
				2A3D18342861DB3E000D865F /* RestRequestService.swift in Sources */,
				2A3D18462861DDBE000D865F /* RMCharactersViewModel.swift in Sources */,
				2A3D182F2861DAD0000D865F /* Global.swift in Sources */,
			);
			runOnlyForDeploymentPostprocessing = 0;
		};
		2A3D17CA285FD928000D865F /* Sources */ = {
			isa = PBXSourcesBuildPhase;
			buildActionMask = 2147483647;
			files = (
				2A3D17D3285FD928000D865F /* RMREDTests.swift in Sources */,
			);
			runOnlyForDeploymentPostprocessing = 0;
		};
		2A3D17D4285FD928000D865F /* Sources */ = {
			isa = PBXSourcesBuildPhase;
			buildActionMask = 2147483647;
			files = (
				2A3D17DD285FD928000D865F /* RMREDUITests.swift in Sources */,
				2A3D17DF285FD928000D865F /* RMREDUITestsLaunchTests.swift in Sources */,
			);
			runOnlyForDeploymentPostprocessing = 0;
		};
/* End PBXSourcesBuildPhase section */

/* Begin PBXTargetDependency section */
		2A3D17D0285FD928000D865F /* PBXTargetDependency */ = {
			isa = PBXTargetDependency;
			target = 2A3D17B7285FD925000D865F /* RMRED */;
			targetProxy = 2A3D17CF285FD928000D865F /* PBXContainerItemProxy */;
		};
		2A3D17DA285FD928000D865F /* PBXTargetDependency */ = {
			isa = PBXTargetDependency;
			target = 2A3D17B7285FD925000D865F /* RMRED */;
			targetProxy = 2A3D17D9285FD928000D865F /* PBXContainerItemProxy */;
		};
/* End PBXTargetDependency section */

/* Begin PBXVariantGroup section */
		2A3D17C1285FD925000D865F /* Main.storyboard */ = {
			isa = PBXVariantGroup;
			children = (
				2A3D17C2285FD925000D865F /* Base */,
			);
			name = Main.storyboard;
			sourceTree = "<group>";
		};
		2A3D17C6285FD927000D865F /* LaunchScreen.storyboard */ = {
			isa = PBXVariantGroup;
			children = (
				2A3D17C7285FD927000D865F /* Base */,
			);
			name = LaunchScreen.storyboard;
			sourceTree = "<group>";
		};
/* End PBXVariantGroup section */

/* Begin XCBuildConfiguration section */
		2A3D17E0285FD928000D865F /* Debug */ = {
			isa = XCBuildConfiguration;
			buildSettings = {
				ALWAYS_SEARCH_USER_PATHS = NO;
				CLANG_ANALYZER_NONNULL = YES;
				CLANG_ANALYZER_NUMBER_OBJECT_CONVERSION = YES_AGGRESSIVE;
				CLANG_CXX_LANGUAGE_STANDARD = "gnu++17";
				CLANG_CXX_LIBRARY = "libc++";
				CLANG_ENABLE_MODULES = YES;
				CLANG_ENABLE_OBJC_ARC = YES;
				CLANG_ENABLE_OBJC_WEAK = YES;
				CLANG_WARN_BLOCK_CAPTURE_AUTORELEASING = YES;
				CLANG_WARN_BOOL_CONVERSION = YES;
				CLANG_WARN_COMMA = YES;
				CLANG_WARN_CONSTANT_CONVERSION = YES;
				CLANG_WARN_DEPRECATED_OBJC_IMPLEMENTATIONS = YES;
				CLANG_WARN_DIRECT_OBJC_ISA_USAGE = YES_ERROR;
				CLANG_WARN_DOCUMENTATION_COMMENTS = YES;
				CLANG_WARN_EMPTY_BODY = YES;
				CLANG_WARN_ENUM_CONVERSION = YES;
				CLANG_WARN_INFINITE_RECURSION = YES;
				CLANG_WARN_INT_CONVERSION = YES;
				CLANG_WARN_NON_LITERAL_NULL_CONVERSION = YES;
				CLANG_WARN_OBJC_IMPLICIT_RETAIN_SELF = YES;
				CLANG_WARN_OBJC_LITERAL_CONVERSION = YES;
				CLANG_WARN_OBJC_ROOT_CLASS = YES_ERROR;
				CLANG_WARN_QUOTED_INCLUDE_IN_FRAMEWORK_HEADER = YES;
				CLANG_WARN_RANGE_LOOP_ANALYSIS = YES;
				CLANG_WARN_STRICT_PROTOTYPES = YES;
				CLANG_WARN_SUSPICIOUS_MOVE = YES;
				CLANG_WARN_UNGUARDED_AVAILABILITY = YES_AGGRESSIVE;
				CLANG_WARN_UNREACHABLE_CODE = YES;
				CLANG_WARN__DUPLICATE_METHOD_MATCH = YES;
				COPY_PHASE_STRIP = NO;
				DEBUG_INFORMATION_FORMAT = dwarf;
				ENABLE_STRICT_OBJC_MSGSEND = YES;
				ENABLE_TESTABILITY = YES;
				GCC_C_LANGUAGE_STANDARD = gnu11;
				GCC_DYNAMIC_NO_PIC = NO;
				GCC_NO_COMMON_BLOCKS = YES;
				GCC_OPTIMIZATION_LEVEL = 0;
				GCC_PREPROCESSOR_DEFINITIONS = (
					"DEBUG=1",
					"$(inherited)",
				);
				GCC_WARN_64_TO_32_BIT_CONVERSION = YES;
				GCC_WARN_ABOUT_RETURN_TYPE = YES_ERROR;
				GCC_WARN_UNDECLARED_SELECTOR = YES;
				GCC_WARN_UNINITIALIZED_AUTOS = YES_AGGRESSIVE;
				GCC_WARN_UNUSED_FUNCTION = YES;
				GCC_WARN_UNUSED_VARIABLE = YES;
				IPHONEOS_DEPLOYMENT_TARGET = 15.2;
				MTL_ENABLE_DEBUG_INFO = INCLUDE_SOURCE;
				MTL_FAST_MATH = YES;
				ONLY_ACTIVE_ARCH = YES;
				SDKROOT = iphoneos;
				SWIFT_ACTIVE_COMPILATION_CONDITIONS = DEBUG;
				SWIFT_OPTIMIZATION_LEVEL = "-Onone";
			};
			name = Debug;
		};
		2A3D17E1285FD928000D865F /* Release */ = {
			isa = XCBuildConfiguration;
			buildSettings = {
				ALWAYS_SEARCH_USER_PATHS = NO;
				CLANG_ANALYZER_NONNULL = YES;
				CLANG_ANALYZER_NUMBER_OBJECT_CONVERSION = YES_AGGRESSIVE;
				CLANG_CXX_LANGUAGE_STANDARD = "gnu++17";
				CLANG_CXX_LIBRARY = "libc++";
				CLANG_ENABLE_MODULES = YES;
				CLANG_ENABLE_OBJC_ARC = YES;
				CLANG_ENABLE_OBJC_WEAK = YES;
				CLANG_WARN_BLOCK_CAPTURE_AUTORELEASING = YES;
				CLANG_WARN_BOOL_CONVERSION = YES;
				CLANG_WARN_COMMA = YES;
				CLANG_WARN_CONSTANT_CONVERSION = YES;
				CLANG_WARN_DEPRECATED_OBJC_IMPLEMENTATIONS = YES;
				CLANG_WARN_DIRECT_OBJC_ISA_USAGE = YES_ERROR;
				CLANG_WARN_DOCUMENTATION_COMMENTS = YES;
				CLANG_WARN_EMPTY_BODY = YES;
				CLANG_WARN_ENUM_CONVERSION = YES;
				CLANG_WARN_INFINITE_RECURSION = YES;
				CLANG_WARN_INT_CONVERSION = YES;
				CLANG_WARN_NON_LITERAL_NULL_CONVERSION = YES;
				CLANG_WARN_OBJC_IMPLICIT_RETAIN_SELF = YES;
				CLANG_WARN_OBJC_LITERAL_CONVERSION = YES;
				CLANG_WARN_OBJC_ROOT_CLASS = YES_ERROR;
				CLANG_WARN_QUOTED_INCLUDE_IN_FRAMEWORK_HEADER = YES;
				CLANG_WARN_RANGE_LOOP_ANALYSIS = YES;
				CLANG_WARN_STRICT_PROTOTYPES = YES;
				CLANG_WARN_SUSPICIOUS_MOVE = YES;
				CLANG_WARN_UNGUARDED_AVAILABILITY = YES_AGGRESSIVE;
				CLANG_WARN_UNREACHABLE_CODE = YES;
				CLANG_WARN__DUPLICATE_METHOD_MATCH = YES;
				COPY_PHASE_STRIP = NO;
				DEBUG_INFORMATION_FORMAT = "dwarf-with-dsym";
				ENABLE_NS_ASSERTIONS = NO;
				ENABLE_STRICT_OBJC_MSGSEND = YES;
				GCC_C_LANGUAGE_STANDARD = gnu11;
				GCC_NO_COMMON_BLOCKS = YES;
				GCC_WARN_64_TO_32_BIT_CONVERSION = YES;
				GCC_WARN_ABOUT_RETURN_TYPE = YES_ERROR;
				GCC_WARN_UNDECLARED_SELECTOR = YES;
				GCC_WARN_UNINITIALIZED_AUTOS = YES_AGGRESSIVE;
				GCC_WARN_UNUSED_FUNCTION = YES;
				GCC_WARN_UNUSED_VARIABLE = YES;
				IPHONEOS_DEPLOYMENT_TARGET = 15.2;
				MTL_ENABLE_DEBUG_INFO = NO;
				MTL_FAST_MATH = YES;
				SDKROOT = iphoneos;
				SWIFT_COMPILATION_MODE = wholemodule;
				SWIFT_OPTIMIZATION_LEVEL = "-O";
				VALIDATE_PRODUCT = YES;
			};
			name = Release;
		};
		2A3D17E3285FD928000D865F /* Debug */ = {
			isa = XCBuildConfiguration;
			buildSettings = {
				ASSETCATALOG_COMPILER_APPICON_NAME = AppIcon;
				ASSETCATALOG_COMPILER_GLOBAL_ACCENT_COLOR_NAME = AccentColor;
				CODE_SIGN_STYLE = Automatic;
				CURRENT_PROJECT_VERSION = 1;
				DEVELOPMENT_TEAM = PUK34QK43Y;
				GENERATE_INFOPLIST_FILE = YES;
				INFOPLIST_FILE = RMRED/Info.plist;
				INFOPLIST_KEY_UIApplicationSupportsIndirectInputEvents = YES;
				INFOPLIST_KEY_UILaunchStoryboardName = LaunchScreen;
				INFOPLIST_KEY_UIMainStoryboardFile = Main;
				INFOPLIST_KEY_UISupportedInterfaceOrientations_iPad = "UIInterfaceOrientationPortrait UIInterfaceOrientationPortraitUpsideDown UIInterfaceOrientationLandscapeLeft UIInterfaceOrientationLandscapeRight";
				INFOPLIST_KEY_UISupportedInterfaceOrientations_iPhone = "UIInterfaceOrientationPortrait UIInterfaceOrientationLandscapeLeft UIInterfaceOrientationLandscapeRight";
				LD_RUNPATH_SEARCH_PATHS = (
					"$(inherited)",
					"@executable_path/Frameworks",
				);
				MARKETING_VERSION = 1.0;
				PRODUCT_BUNDLE_IDENTIFIER = com.wertrewq.RMRED;
				PRODUCT_NAME = "$(TARGET_NAME)";
				SWIFT_EMIT_LOC_STRINGS = YES;
				SWIFT_VERSION = 5.0;
				TARGETED_DEVICE_FAMILY = "1,2";
			};
			name = Debug;
		};
		2A3D17E4285FD928000D865F /* Release */ = {
			isa = XCBuildConfiguration;
			buildSettings = {
				ASSETCATALOG_COMPILER_APPICON_NAME = AppIcon;
				ASSETCATALOG_COMPILER_GLOBAL_ACCENT_COLOR_NAME = AccentColor;
				CODE_SIGN_STYLE = Automatic;
				CURRENT_PROJECT_VERSION = 1;
				DEVELOPMENT_TEAM = PUK34QK43Y;
				GENERATE_INFOPLIST_FILE = YES;
				INFOPLIST_FILE = RMRED/Info.plist;
				INFOPLIST_KEY_UIApplicationSupportsIndirectInputEvents = YES;
				INFOPLIST_KEY_UILaunchStoryboardName = LaunchScreen;
				INFOPLIST_KEY_UIMainStoryboardFile = Main;
				INFOPLIST_KEY_UISupportedInterfaceOrientations_iPad = "UIInterfaceOrientationPortrait UIInterfaceOrientationPortraitUpsideDown UIInterfaceOrientationLandscapeLeft UIInterfaceOrientationLandscapeRight";
				INFOPLIST_KEY_UISupportedInterfaceOrientations_iPhone = "UIInterfaceOrientationPortrait UIInterfaceOrientationLandscapeLeft UIInterfaceOrientationLandscapeRight";
				LD_RUNPATH_SEARCH_PATHS = (
					"$(inherited)",
					"@executable_path/Frameworks",
				);
				MARKETING_VERSION = 1.0;
				PRODUCT_BUNDLE_IDENTIFIER = com.wertrewq.RMRED;
				PRODUCT_NAME = "$(TARGET_NAME)";
				SWIFT_EMIT_LOC_STRINGS = YES;
				SWIFT_VERSION = 5.0;
				TARGETED_DEVICE_FAMILY = "1,2";
			};
			name = Release;
		};
		2A3D17E6285FD928000D865F /* Debug */ = {
			isa = XCBuildConfiguration;
			buildSettings = {
				ALWAYS_EMBED_SWIFT_STANDARD_LIBRARIES = YES;
				BUNDLE_LOADER = "$(TEST_HOST)";
				CODE_SIGN_STYLE = Automatic;
				CURRENT_PROJECT_VERSION = 1;
				DEVELOPMENT_TEAM = PUK34QK43Y;
				GENERATE_INFOPLIST_FILE = YES;
				IPHONEOS_DEPLOYMENT_TARGET = 15.2;
				MARKETING_VERSION = 1.0;
				PRODUCT_BUNDLE_IDENTIFIER = com.wertrewq.RMREDTests;
				PRODUCT_NAME = "$(TARGET_NAME)";
				SWIFT_EMIT_LOC_STRINGS = NO;
				SWIFT_VERSION = 5.0;
				TARGETED_DEVICE_FAMILY = "1,2";
				TEST_HOST = "$(BUILT_PRODUCTS_DIR)/RMRED.app/RMRED";
			};
			name = Debug;
		};
		2A3D17E7285FD928000D865F /* Release */ = {
			isa = XCBuildConfiguration;
			buildSettings = {
				ALWAYS_EMBED_SWIFT_STANDARD_LIBRARIES = YES;
				BUNDLE_LOADER = "$(TEST_HOST)";
				CODE_SIGN_STYLE = Automatic;
				CURRENT_PROJECT_VERSION = 1;
				DEVELOPMENT_TEAM = PUK34QK43Y;
				GENERATE_INFOPLIST_FILE = YES;
				IPHONEOS_DEPLOYMENT_TARGET = 15.2;
				MARKETING_VERSION = 1.0;
				PRODUCT_BUNDLE_IDENTIFIER = com.wertrewq.RMREDTests;
				PRODUCT_NAME = "$(TARGET_NAME)";
				SWIFT_EMIT_LOC_STRINGS = NO;
				SWIFT_VERSION = 5.0;
				TARGETED_DEVICE_FAMILY = "1,2";
				TEST_HOST = "$(BUILT_PRODUCTS_DIR)/RMRED.app/RMRED";
			};
			name = Release;
		};
		2A3D17E9285FD928000D865F /* Debug */ = {
			isa = XCBuildConfiguration;
			buildSettings = {
				ALWAYS_EMBED_SWIFT_STANDARD_LIBRARIES = YES;
				CODE_SIGN_STYLE = Automatic;
				CURRENT_PROJECT_VERSION = 1;
				DEVELOPMENT_TEAM = PUK34QK43Y;
				GENERATE_INFOPLIST_FILE = YES;
				MARKETING_VERSION = 1.0;
				PRODUCT_BUNDLE_IDENTIFIER = com.wertrewq.RMREDUITests;
				PRODUCT_NAME = "$(TARGET_NAME)";
				SWIFT_EMIT_LOC_STRINGS = NO;
				SWIFT_VERSION = 5.0;
				TARGETED_DEVICE_FAMILY = "1,2";
				TEST_TARGET_NAME = RMRED;
			};
			name = Debug;
		};
		2A3D17EA285FD928000D865F /* Release */ = {
			isa = XCBuildConfiguration;
			buildSettings = {
				ALWAYS_EMBED_SWIFT_STANDARD_LIBRARIES = YES;
				CODE_SIGN_STYLE = Automatic;
				CURRENT_PROJECT_VERSION = 1;
				DEVELOPMENT_TEAM = PUK34QK43Y;
				GENERATE_INFOPLIST_FILE = YES;
				MARKETING_VERSION = 1.0;
				PRODUCT_BUNDLE_IDENTIFIER = com.wertrewq.RMREDUITests;
				PRODUCT_NAME = "$(TARGET_NAME)";
				SWIFT_EMIT_LOC_STRINGS = NO;
				SWIFT_VERSION = 5.0;
				TARGETED_DEVICE_FAMILY = "1,2";
				TEST_TARGET_NAME = RMRED;
			};
			name = Release;
		};
/* End XCBuildConfiguration section */

/* Begin XCConfigurationList section */
		2A3D17B3285FD925000D865F /* Build configuration list for PBXProject "RMRED" */ = {
			isa = XCConfigurationList;
			buildConfigurations = (
				2A3D17E0285FD928000D865F /* Debug */,
				2A3D17E1285FD928000D865F /* Release */,
			);
			defaultConfigurationIsVisible = 0;
			defaultConfigurationName = Release;
		};
		2A3D17E2285FD928000D865F /* Build configuration list for PBXNativeTarget "RMRED" */ = {
			isa = XCConfigurationList;
			buildConfigurations = (
				2A3D17E3285FD928000D865F /* Debug */,
				2A3D17E4285FD928000D865F /* Release */,
			);
			defaultConfigurationIsVisible = 0;
			defaultConfigurationName = Release;
		};
		2A3D17E5285FD928000D865F /* Build configuration list for PBXNativeTarget "RMREDTests" */ = {
			isa = XCConfigurationList;
			buildConfigurations = (
				2A3D17E6285FD928000D865F /* Debug */,
				2A3D17E7285FD928000D865F /* Release */,
			);
			defaultConfigurationIsVisible = 0;
			defaultConfigurationName = Release;
		};
		2A3D17E8285FD928000D865F /* Build configuration list for PBXNativeTarget "RMREDUITests" */ = {
			isa = XCConfigurationList;
			buildConfigurations = (
				2A3D17E9285FD928000D865F /* Debug */,
				2A3D17EA285FD928000D865F /* Release */,
			);
			defaultConfigurationIsVisible = 0;
			defaultConfigurationName = Release;
		};
/* End XCConfigurationList section */

/* Begin XCRemoteSwiftPackageReference section */
		2A3D1829286114EB000D865F /* XCRemoteSwiftPackageReference "SDWebImage" */ = {
			isa = XCRemoteSwiftPackageReference;
			repositoryURL = "https://github.com/SDWebImage/SDWebImage.git";
			requirement = {
				kind = upToNextMajorVersion;
				minimumVersion = 5.0.0;
			};
		};
/* End XCRemoteSwiftPackageReference section */

/* Begin XCSwiftPackageProductDependency section */
		2A3D182A286114EB000D865F /* SDWebImage */ = {
			isa = XCSwiftPackageProductDependency;
			package = 2A3D1829286114EB000D865F /* XCRemoteSwiftPackageReference "SDWebImage" */;
			productName = SDWebImage;
		};
/* End XCSwiftPackageProductDependency section */
	};
	rootObject = 2A3D17B0285FD925000D865F /* Project object */;
}
